# THIS IS AN AUTOGENERATED FILE. DO NOT EDIT THIS FILE DIRECTLY.
# yarn lockfile v1


angular-filter@^0.5.17:
  version "0.5.17"
  resolved "https://registry.yarnpkg.com/angular-filter/-/angular-filter-0.5.17.tgz#60c0c7380fd45872cb8f10801cfe07e154062935"
  integrity sha1-YMDHOA/UWHLLjxCAHP4H4VQGKTU=
  dependencies:
    angular "*"

angular-loading-bar@^0.9.0:
  version "0.9.0"
  resolved "https://registry.yarnpkg.com/angular-loading-bar/-/angular-loading-bar-0.9.0.tgz#37ef52c25f102c216e7b3cdfd2fc5a5df9628e45"
  integrity sha1-N+9Swl8QLCFuezzf0vxaXflijkU=

angular-sanitize@^1.7.8:
  version "1.7.8"
  resolved "https://registry.yarnpkg.com/angular-sanitize/-/angular-sanitize-1.7.8.tgz#87d59f754bb18d286dfd9d6ce867299c094c6719"
  integrity sha512-sVq51is1cVNiPytH4JIEd7iRW0OBIRQGNETWkz1c/jnLv2sBf9oDxEd8enwDz/W2ULBIpqJPK/3AsIxmZyh9pA==

angular@*, angular@^1.7.8:
  version "1.7.9"
  resolved "https://registry.yarnpkg.com/angular/-/angular-1.7.9.tgz#e52616e8701c17724c3c238cfe4f9446fd570bc4"
  integrity sha512-5se7ZpcOtu0MBFlzGv5dsM1quQDoDeUTwZrWjGtTNA7O88cD8TEk5IEKCTDa3uECV9XnvKREVUr7du1ACiWGFQ==

dexie-observable@^1.0.0-beta.5:
  version "1.0.0-beta.5"
  resolved "https://registry.yarnpkg.com/dexie-observable/-/dexie-observable-1.0.0-beta.5.tgz#a62fa51e38b3724c631301e72b0dc51635703ff4"
  integrity sha512-n/q5hArT6+2sPZ+BunpwkXtcjt3/41gheQfmBt4pW73ot6bFGSW4lC5t6p9O7VdA/xyapt/Bukzkzjs4dEAd0Q==

dexie@^2.0.4:
  version "2.0.4"
  resolved "https://registry.yarnpkg.com/dexie/-/dexie-2.0.4.tgz#6027a5e05879424e8f9979d8c14e7420f27e3a11"
  integrity sha512-aQ/s1U2wHxwBKRrt2Z/mwFNHMQWhESerFsMYzE+5P5OsIe5o1kgpFMWkzKTtkvkyyEni6mWr/T4HUJuY9xIHLA==

moment@^2.24.0:
  version "2.24.0"
  resolved "https://registry.yarnpkg.com/moment/-/moment-2.24.0.tgz#0d055d53f5052aa653c9f6eb68bb5d12bf5c2b5b"
  integrity sha512-bV7f+6l2QigeBBZSM/6yTNq4P2fNpSWj/0e7jQcy87A8e7o2nAfP/34/2ky5Vw4B9S446EtIhodAzkFCcR4dQg==

url-pattern@^1.0.3:
  version "1.0.3"
  resolved "https://registry.yarnpkg.com/url-pattern/-/url-pattern-1.0.3.tgz#0409292471b24f23c50d65a47931793d2b5acfc1"
  integrity sha1-BAkpJHGyTyPFDWWkeTF5PStaz8E=
